Microsoft Visual Studio Solution File, Format Version 10.00
# Visual Studio 2008
Project("{FAE04EC0-301F-11D3-BF4B-00C04F79EFBC}") = "Umbraco.DataExport", "DataExport\Umbraco.DataExport.csproj", "{D41E3D1D-CF1B-457C-8FCA-D10EE28907FB}"
EndProject
Project("{54435603-DBB4-11D2-8724-00A0C9A8B90C}") = "Setup", "Setup1\Setup1.vdproj", "{2C0446B8-81B1-4A21-B218-5BDC4A153DF7}"
EndProject
Global
	GlobalSection(TeamFoundationVersionControl) = preSolution
		SccNumberOfProjects = 3
		SccEnterpriseProvider = {4CA58AB2-18FA-4F8D-95D4-32DDF27D184C}
		SccTeamFoundationServer = https://tfs01.codeplex.com/
		SccLocalPath0 = .
		SccProjectUniqueName1 = DataExport\\Umbraco.DataExport.csproj
		SccProjectName1 = DataExport
		SccLocalPath1 = DataExport
		SccProjectUniqueName2 = Setup1\\Setup1.vdproj
		SccProjectName2 = Setup1
		SccLocalPath2 = Setup1
	EndGlobalSection
	GlobalSection(SolutionConfigurationPlatforms) = preSolution
		Debug|Any CPU = Debug|Any CPU
		Release|Any CPU = Release|Any CPU
	EndGlobalSection
	GlobalSection(ProjectConfigurationPlatforms) = postSolution
		{D41E3D1D-CF1B-457C-8FCA-D10EE28907FB}.Debug|Any CPU.ActiveCfg = Debug|Any CPU
		{D41E3D1D-CF1B-457C-8FCA-D10EE28907FB}.Debug|Any CPU.Build.0 = Debug|Any CPU
		{D41E3D1D-CF1B-457C-8FCA-D10EE28907FB}.Release|Any CPU.ActiveCfg = Release|Any CPU
		{D41E3D1D-CF1B-457C-8FCA-D10EE28907FB}.Release|Any CPU.Build.0 = Release|Any CPU
		{2C0446B8-81B1-4A21-B218-5BDC4A153DF7}.Debug|Any CPU.ActiveCfg = Debug
		{2C0446B8-81B1-4A21-B218-5BDC4A153DF7}.Debug|Any CPU.Build.0 = Debug
		{2C0446B8-81B1-4A21-B218-5BDC4A153DF7}.Release|Any CPU.ActiveCfg = Release
		{2C0446B8-81B1-4A21-B218-5BDC4A153DF7}.Release|Any CPU.Build.0 = Release
	EndGlobalSection
	GlobalSection(SolutionProperties) = preSolution
		HideSolutionNode = FALSE
	EndGlobalSection
EndGlobal
